{
  "name": "patch-drafts",
  "version": "0.0.5",
  "lockfileVersion": 1,
  "requires": true,
  "dependencies": {
    "ansi-regex": {
      "version": "2.1.1",
      "resolved": "http://localhost:8989/blobs/get/&UrirFIhl7q9TjmMKk3+hU9WvISMvAUpdTjhJGTe+gDc=.sha256",
      "integrity": "sha256-UrirFIhl7q9TjmMKk3+hU9WvISMvAUpdTjhJGTe+gDc="
    },
    "ansi-styles": {
      "version": "2.2.1",
      "resolved": "http://localhost:8989/blobs/get/&jWA8v6XjjlMC/p7Q1Q2WiFP/PxRFIsbSkbf58XQTEh8=.sha256",
      "integrity": "sha256-jWA8v6XjjlMC/p7Q1Q2WiFP/PxRFIsbSkbf58XQTEh8="
    },
    "babel-code-frame": {
      "version": "6.26.0",
      "resolved": "http://localhost:8989/blobs/get/&zi/scXRz5EhLHsSPlv8iQH/8KKMQvU/uMuPlHuOots8=.sha256",
      "integrity": "sha256-zi/scXRz5EhLHsSPlv8iQH/8KKMQvU/uMuPlHuOots8=",
      "requires": {
        "chalk": "1.1.3",
        "esutils": "2.0.2",
        "js-tokens": "3.0.2"
      }
    },
    "babel-core": {
      "version": "6.26.0",
      "resolved": "http://localhost:8989/blobs/get/&3lx4MMM9NUopTZfR2VZaPBwaMnwp5cNdGr1Con3Hfiw=.sha256",
      "integrity": "sha256-3lx4MMM9NUopTZfR2VZaPBwaMnwp5cNdGr1Con3Hfiw=",
      "requires": {
        "babel-code-frame": "6.26.0",
        "babel-generator": "6.26.0",
        "babel-helpers": "6.24.1",
        "babel-messages": "6.23.0",
        "babel-register": "6.26.0",
        "babel-runtime": "6.26.0",
        "babel-template": "6.26.0",
        "babel-traverse": "6.26.0",
        "babel-types": "6.26.0",
        "babylon": "6.18.0",
        "convert-source-map": "1.5.0",
        "debug": "2.6.9",
        "json5": "0.5.1",
        "lodash": "4.17.4",
        "minimatch": "3.0.4",
        "path-is-absolute": "1.0.1",
        "private": "0.1.8",
        "slash": "1.0.0",
        "source-map": "0.5.7"
      }
    },
    "babel-generator": {
      "version": "6.26.0",
      "resolved": "http://localhost:8989/blobs/get/&TTOhnNRCUmci4zyQ+w2sNc3vFkc7p+YEFvrPBPIOiWI=.sha256",
      "integrity": "sha256-TTOhnNRCUmci4zyQ+w2sNc3vFkc7p+YEFvrPBPIOiWI=",
      "requires": {
        "babel-messages": "6.23.0",
        "babel-runtime": "6.26.0",
        "babel-types": "6.26.0",
        "detect-indent": "4.0.0",
        "jsesc": "1.3.0",
        "lodash": "4.17.4",
        "source-map": "0.5.7",
        "trim-right": "1.0.1"
      }
    },
    "babel-helper-call-delegate": {
      "version": "6.24.1",
      "resolved": "http://localhost:8989/blobs/get/&9VNg3FeSEivDH9TnzSlCe1HBgq3igKyGBz4vO8s85MA=.sha256",
      "integrity": "sha256-9VNg3FeSEivDH9TnzSlCe1HBgq3igKyGBz4vO8s85MA=",
      "requires": {
        "babel-helper-hoist-variables": "6.24.1",
        "babel-runtime": "6.26.0",
        "babel-traverse": "6.26.0",
        "babel-types": "6.26.0"
      }
    },
    "babel-helper-get-function-arity": {
      "version": "6.24.1",
      "resolved": "http://localhost:8989/blobs/get/&awUnCHhjQDK6ONLQVbP4M3aGiDp6JfWGD4bG4qZQGqU=.sha256",
      "integrity": "sha256-awUnCHhjQDK6ONLQVbP4M3aGiDp6JfWGD4bG4qZQGqU=",
      "requires": {
        "babel-runtime": "6.26.0",
        "babel-types": "6.26.0"
      }
    },
    "babel-helper-hoist-variables": {
      "version": "6.24.1",
      "resolved": "http://localhost:8989/blobs/get/&OOUPIVqml0k3EZuVHpkCRqCo3zzkI1b5Gyl08EJSi9M=.sha256",
      "integrity": "sha256-OOUPIVqml0k3EZuVHpkCRqCo3zzkI1b5Gyl08EJSi9M=",
      "requires": {
        "babel-runtime": "6.26.0",
        "babel-types": "6.26.0"
      }
    },
    "babel-helpers": {
      "version": "6.24.1",
      "resolved": "http://localhost:8989/blobs/get/&AM6q+jr1mKhWasMgirsYz1M7RX575o3iDfyiship2X8=.sha256",
      "integrity": "sha256-AM6q+jr1mKhWasMgirsYz1M7RX575o3iDfyiship2X8=",
      "requires": {
        "babel-runtime": "6.26.0",
        "babel-template": "6.26.0"
      }
    },
    "babel-messages": {
      "version": "6.23.0",
      "resolved": "http://localhost:8989/blobs/get/&SHNFpghhZf1aPWnNOLy5FN6l0n6iQXa4AlGdJmR92TY=.sha256",
      "integrity": "sha256-SHNFpghhZf1aPWnNOLy5FN6l0n6iQXa4AlGdJmR92TY=",
      "requires": {
        "babel-runtime": "6.26.0"
      }
    },
    "babel-plugin-check-es2015-constants": {
      "version": "6.22.0",
      "resolved": "http://localhost:8989/blobs/get/&zDv/RTY05cgBF00ZO2G5wFntWtOsmdOkZMqCHoUBE7g=.sha256",
      "integrity": "sha256-zDv/RTY05cgBF00ZO2G5wFntWtOsmdOkZMqCHoUBE7g=",
      "requires": {
        "babel-runtime": "6.26.0"
      }
    },
    "babel-plugin-transform-es2015-arrow-functions": {
      "version": "6.22.0",
      "resolved": "http://localhost:8989/blobs/get/&U4uAep2s46Yh0IQIXF+aO8c57V86KHszHf390mNGHVc=.sha256",
      "integrity": "sha256-U4uAep2s46Yh0IQIXF+aO8c57V86KHszHf390mNGHVc=",
      "requires": {
        "babel-runtime": "6.26.0"
      }
    },
    "babel-plugin-transform-es2015-block-scoping": {
      "version": "6.26.0",
      "resolved": "http://localhost:8989/blobs/get/&xyAidnLoF4rd3MAVSCL8KyPdHH3JE48aR4Nv3ZS7twc=.sha256",
      "integrity": "sha256-xyAidnLoF4rd3MAVSCL8KyPdHH3JE48aR4Nv3ZS7twc=",
      "requires": {
        "babel-runtime": "6.26.0",
        "babel-template": "6.26.0",
        "babel-traverse": "6.26.0",
        "babel-types": "6.26.0",
        "lodash": "4.17.4"
      }
    },
    "babel-plugin-transform-es2015-computed-properties": {
      "version": "6.24.1",
      "resolved": "http://localhost:8989/blobs/get/&HYjQQ0hUAak43JUOeY2MRdJ5K9meonCANo+oqI/IwCs=.sha256",
      "integrity": "sha256-HYjQQ0hUAak43JUOeY2MRdJ5K9meonCANo+oqI/IwCs=",
      "requires": {
        "babel-runtime": "6.26.0",
        "babel-template": "6.26.0"
      }
    },
    "babel-plugin-transform-es2015-destructuring": {
      "version": "6.23.0",
      "resolved": "http://localhost:8989/blobs/get/&IkCqypP8bq4fJjR45LBWTVkTvwu1nirndG+VLUlCuJA=.sha256",
      "integrity": "sha256-IkCqypP8bq4fJjR45LBWTVkTvwu1nirndG+VLUlCuJA=",
      "requires": {
        "babel-runtime": "6.26.0"
      }
    },
    "babel-plugin-transform-es2015-parameters": {
      "version": "6.24.1",
      "resolved": "http://localhost:8989/blobs/get/&7v3actLCqtImOLxmY1sH7sSimPX6EdVioczPjsMMsVc=.sha256",
      "integrity": "sha256-7v3actLCqtImOLxmY1sH7sSimPX6EdVioczPjsMMsVc=",
      "requires": {
        "babel-helper-call-delegate": "6.24.1",
        "babel-helper-get-function-arity": "6.24.1",
        "babel-runtime": "6.26.0",
        "babel-template": "6.26.0",
        "babel-traverse": "6.26.0",
        "babel-types": "6.26.0"
      }
    },
    "babel-plugin-transform-es2015-shorthand-properties": {
      "version": "6.24.1",
      "resolved": "http://localhost:8989/blobs/get/&DlV/KYyYNMXvpgIQLUCn/Bsiic1U76M3ov5BWHndkMQ=.sha256",
      "integrity": "sha256-DlV/KYyYNMXvpgIQLUCn/Bsiic1U76M3ov5BWHndkMQ=",
      "requires": {
        "babel-runtime": "6.26.0",
        "babel-types": "6.26.0"
      }
    },
    "babel-plugin-transform-es2015-spread": {
      "version": "6.22.0",
      "resolved": "http://localhost:8989/blobs/get/&wYyygjWQuHq3CGIN7HnGhhx9PAerVa5/E8d/hjk58Kc=.sha256",
      "integrity": "sha256-wYyygjWQuHq3CGIN7HnGhhx9PAerVa5/E8d/hjk58Kc=",
      "requires": {
        "babel-runtime": "6.26.0"
      }
    },
    "babel-plugin-transform-es2015-template-literals": {
      "version": "6.22.0",
      "resolved": "http://localhost:8989/blobs/get/&ZBibwP5OxD4BfcaSQ1hNP7majI4qYo6diD0QalAWA3M=.sha256",
      "integrity": "sha256-ZBibwP5OxD4BfcaSQ1hNP7majI4qYo6diD0QalAWA3M=",
      "requires": {
        "babel-runtime": "6.26.0"
      }
    },
    "babel-preset-es2040": {
      "version": "1.1.1",
      "resolved": "http://localhost:8989/blobs/get/&vvHBVnklCQYmae+H7uoqTnHi+ivKehvATgIgTp818G4=.sha256",
      "integrity": "sha256-vvHBVnklCQYmae+H7uoqTnHi+ivKehvATgIgTp818G4=",
      "requires": {
        "babel-plugin-check-es2015-constants": "6.22.0",
        "babel-plugin-transform-es2015-arrow-functions": "6.22.0",
        "babel-plugin-transform-es2015-block-scoping": "6.26.0",
        "babel-plugin-transform-es2015-computed-properties": "6.24.1",
        "babel-plugin-transform-es2015-destructuring": "6.23.0",
        "babel-plugin-transform-es2015-parameters": "6.24.1",
        "babel-plugin-transform-es2015-shorthand-properties": "6.24.1",
        "babel-plugin-transform-es2015-spread": "6.22.0",
        "babel-plugin-transform-es2015-template-literals": "6.22.0"
      }
    },
    "babel-register": {
      "version": "6.26.0",
      "resolved": "http://localhost:8989/blobs/get/&zkC1tU7PQEm9ohFo1m21Dd8ID1mVvTWOU+3NXEHSFeQ=.sha256",
      "integrity": "sha256-zkC1tU7PQEm9ohFo1m21Dd8ID1mVvTWOU+3NXEHSFeQ=",
      "requires": {
        "babel-core": "6.26.0",
        "babel-runtime": "6.26.0",
        "core-js": "2.5.1",
        "home-or-tmp": "2.0.0",
        "lodash": "4.17.4",
        "mkdirp": "0.5.1",
        "source-map-support": "0.4.18"
      }
    },
    "babel-runtime": {
      "version": "6.26.0",
      "resolved": "http://localhost:8989/blobs/get/&FNJIiUZ0S3DEeZm0ixmJqjuF2CgYGzxh81gYvpAzlGs=.sha256",
      "integrity": "sha256-FNJIiUZ0S3DEeZm0ixmJqjuF2CgYGzxh81gYvpAzlGs=",
      "requires": {
        "core-js": "2.5.1",
        "regenerator-runtime": "0.11.0"
      }
    },
    "babel-template": {
      "version": "6.26.0",
      "resolved": "http://localhost:8989/blobs/get/&BWC5hysu7BXtKageT70TJtR/gOlR9iKHzGujR+gy34M=.sha256",
      "integrity": "sha256-BWC5hysu7BXtKageT70TJtR/gOlR9iKHzGujR+gy34M=",
      "requires": {
        "babel-runtime": "6.26.0",
        "babel-traverse": "6.26.0",
        "babel-types": "6.26.0",
        "babylon": "6.18.0",
        "lodash": "4.17.4"
      }
    },
    "babel-traverse": {
      "version": "6.26.0",
      "resolved": "http://localhost:8989/blobs/get/&oypvc8J3Cla9H4qStQ2MGngkUjFwvZMien3usgs/Gsk=.sha256",
      "integrity": "sha256-oypvc8J3Cla9H4qStQ2MGngkUjFwvZMien3usgs/Gsk=",
      "requires": {
        "babel-code-frame": "6.26.0",
        "babel-messages": "6.23.0",
        "babel-runtime": "6.26.0",
        "babel-types": "6.26.0",
        "babylon": "6.18.0",
        "debug": "2.6.9",
        "globals": "9.18.0",
        "invariant": "2.2.2",
        "lodash": "4.17.4"
      }
    },
    "babel-types": {
      "version": "6.26.0",
      "resolved": "http://localhost:8989/blobs/get/&h75EPwyYo1qdnHGOfquGhSm7UVIGzyhPvPvnYroZbek=.sha256",
      "integrity": "sha256-h75EPwyYo1qdnHGOfquGhSm7UVIGzyhPvPvnYroZbek=",
      "requires": {
        "babel-runtime": "6.26.0",
        "esutils": "2.0.2",
        "lodash": "4.17.4",
        "to-fast-properties": "1.0.3"
      }
    },
    "babylon": {
      "version": "6.18.0",
      "resolved": "http://localhost:8989/blobs/get/&zh6B02tXiSefirpxbS7Fqr7LwwZYX4Z/GmocjcR42Iw=.sha256",
      "integrity": "sha256-zh6B02tXiSefirpxbS7Fqr7LwwZYX4Z/GmocjcR42Iw="
    },
    "balanced-match": {
      "version": "1.0.0",
      "resolved": "http://localhost:8989/blobs/get/&KJZgLBLTzvVmv77XzN73kjL08eAGIvxcm0BzdGW6/60=.sha256",
      "integrity": "sha256-KJZgLBLTzvVmv77XzN73kjL08eAGIvxcm0BzdGW6/60="
    },
    "brace-expansion": {
      "version": "1.1.8",
      "resolved": "http://localhost:8989/blobs/get/&fdjQQT88BvLg9ynhFsffO5ZCC04SoSTrnmmGGWWxcPo=.sha256",
      "integrity": "sha256-fdjQQT88BvLg9ynhFsffO5ZCC04SoSTrnmmGGWWxcPo=",
      "requires": {
        "balanced-match": "1.0.0",
        "concat-map": "0.0.1"
      }
    },
    "browser-split": {
      "version": "0.0.1",
      "resolved": "http://localhost:8989/blobs/get/&ofxORLVk44pHOgieDyhJDyvyP2mk1MHbP9W/8C173B8=.sha256",
      "integrity": "sha256-ofxORLVk44pHOgieDyhJDyvyP2mk1MHbP9W/8C173B8="
    },
    "chalk": {
      "version": "1.1.3",
      "resolved": "http://localhost:8989/blobs/get/&M5ecSDP6SG8+HqavtVV+VavDjTetUY6AyfkmHJ1URF0=.sha256",
      "integrity": "sha256-M5ecSDP6SG8+HqavtVV+VavDjTetUY6AyfkmHJ1URF0=",
      "requires": {
        "ansi-styles": "2.2.1",
        "escape-string-regexp": "1.0.5",
        "has-ansi": "2.0.0",
        "strip-ansi": "3.0.1",
        "supports-color": "2.0.0"
      }
    },
    "concat-map": {
      "version": "0.0.1",
      "resolved": "http://localhost:8989/blobs/get/&NZAt1iDPAFjEnqYUEg8YqInZhCaakDgbdiLnnCz+QmE=.sha256",
      "integrity": "sha256-NZAt1iDPAFjEnqYUEg8YqInZhCaakDgbdiLnnCz+QmE="
    },
    "convert-source-map": {
      "version": "1.5.0",
      "resolved": "http://localhost:8989/blobs/get/&G1mbXykiIJWp5hwt8K8L4mdFVXzR8d2HfnK+vnFmwkA=.sha256",
      "integrity": "sha256-G1mbXykiIJWp5hwt8K8L4mdFVXzR8d2HfnK+vnFmwkA="
    },
    "core-js": {
      "version": "2.5.1",
      "resolved": "http://localhost:8989/blobs/get/&73LUPRWBaixrE+cLaXlHRUEl2NBbBDbmqWhlDntuJ4o=.sha256",
      "integrity": "sha256-73LUPRWBaixrE+cLaXlHRUEl2NBbBDbmqWhlDntuJ4o="
    },
    "core-util-is": {
      "version": "1.0.2",
      "resolved": "http://localhost:8989/blobs/get/&pKRNq2V57ePgat5Y0m+P1kLq4JFT/VnGCPy3lRpJk5g=.sha256",
      "integrity": "sha256-pKRNq2V57ePgat5Y0m+P1kLq4JFT/VnGCPy3lRpJk5g="
    },
    "debug": {
      "version": "2.6.9",
      "resolved": "http://localhost:8989/blobs/get/&NK5IxmaY8fgeKi5uMi806KiLCYaj+nt0u16hTA7bHJg=.sha256",
      "integrity": "sha256-NK5IxmaY8fgeKi5uMi806KiLCYaj+nt0u16hTA7bHJg=",
      "requires": {
        "ms": "2.0.0"
      }
    },
    "depnest": {
      "version": "1.3.0",
      "resolved": "http://localhost:8989/blobs/get/&Mk9dmSZJbegtQ5mXO0uGoA3Z0PUGjIzOQOwktCoQIRM=.sha256",
      "integrity": "sha256-Mk9dmSZJbegtQ5mXO0uGoA3Z0PUGjIzOQOwktCoQIRM=",
      "requires": {
        "es2040": "1.2.6",
        "libnested": "1.2.1"
      }
    },
    "detect-indent": {
      "version": "4.0.0",
      "resolved": "http://localhost:8989/blobs/get/&1ENsr6AnPh1p1nloqUMrO3ih7StVoy5XxS8HcvgYw9I=.sha256",
      "integrity": "sha256-1ENsr6AnPh1p1nloqUMrO3ih7StVoy5XxS8HcvgYw9I=",
      "requires": {
        "repeating": "2.0.1"
      }
    },
    "es2040": {
      "version": "1.2.6",
      "resolved": "http://localhost:8989/blobs/get/&A/Z30YebFjPLH/kQl2KiACUbo7c0xwkeNjBEtsrDIWU=.sha256",
      "integrity": "sha256-A/Z30YebFjPLH/kQl2KiACUbo7c0xwkeNjBEtsrDIWU=",
      "requires": {
        "babel-core": "6.26.0",
        "babel-preset-es2040": "1.1.1",
        "through2": "2.0.3"
      }
    },
    "escape-string-regexp": {
      "version": "1.0.5",
      "resolved": "http://localhost:8989/blobs/get/&5Qx5LnZ2PQx0UGKXrdd5dVlnypu9KI4md5Zqa3OUw0c=.sha256",
      "integrity": "sha256-5Qx5LnZ2PQx0UGKXrdd5dVlnypu9KI4md5Zqa3OUw0c="
    },
    "esutils": {
      "version": "2.0.2",
      "resolved": "http://localhost:8989/blobs/get/&npeL7W9Eep9kTyo3HmSlFnPV8ssTQBl0+ubuNzME15Y=.sha256",
      "integrity": "sha256-npeL7W9Eep9kTyo3HmSlFnPV8ssTQBl0+ubuNzME15Y="
    },
    "globals": {
      "version": "9.18.0",
      "resolved": "http://localhost:8989/blobs/get/&Q3oSwQ3UWqGRxKXXdkgCbx1lpXi2XiyI7iSeyJRcc3o=.sha256",
      "integrity": "sha256-Q3oSwQ3UWqGRxKXXdkgCbx1lpXi2XiyI7iSeyJRcc3o="
    },
    "has-ansi": {
      "version": "2.0.0",
      "resolved": "http://localhost:8989/blobs/get/&4wJl60keeNNYbqZN6mth89RaKKKNkIyvc/BFMXZDRO0=.sha256",
      "integrity": "sha256-4wJl60keeNNYbqZN6mth89RaKKKNkIyvc/BFMXZDRO0=",
      "requires": {
        "ansi-regex": "2.1.1"
      }
    },
    "home-or-tmp": {
      "version": "2.0.0",
      "resolved": "http://localhost:8989/blobs/get/&LgfW704dFrtJxHPqZLcuwbVDfc1+nqQYprDQGMI2kRc=.sha256",
      "integrity": "sha256-LgfW704dFrtJxHPqZLcuwbVDfc1+nqQYprDQGMI2kRc=",
      "requires": {
        "os-homedir": "1.0.2",
        "os-tmpdir": "1.0.2"
      }
    },
    "inherits": {
      "version": "2.0.3",
      "resolved": "http://localhost:8989/blobs/get/&f19Y6bVOh+JkeG5+hNngeKr2jBAD3p+miUUQHgI1bN8=.sha256",
      "integrity": "sha256-f19Y6bVOh+JkeG5+hNngeKr2jBAD3p+miUUQHgI1bN8="
    },
    "invariant": {
      "version": "2.2.2",
      "resolved": "http://localhost:8989/blobs/get/&MwlIY5HXD7fuUTnbsDiKucZzkcltREWRY4oeiEjXIXM=.sha256",
      "integrity": "sha256-MwlIY5HXD7fuUTnbsDiKucZzkcltREWRY4oeiEjXIXM=",
      "requires": {
        "loose-envify": "1.3.1"
      }
    },
    "is-finite": {
      "version": "1.0.2",
      "resolved": "http://localhost:8989/blobs/get/&QTFviv6+fX28EzOPVJbB7eqkulIAip9q+/i8rW+oedM=.sha256",
      "integrity": "sha256-QTFviv6+fX28EzOPVJbB7eqkulIAip9q+/i8rW+oedM=",
      "requires": {
        "number-is-nan": "1.0.1"
      }
    },
    "isarray": {
      "version": "1.0.0",
      "resolved": "http://localhost:8989/blobs/get/&4jx28U9SIuB+OdiYWLYejjP5aVbeng3zZZy9+NuVDIc=.sha256",
      "integrity": "sha256-4jx28U9SIuB+OdiYWLYejjP5aVbeng3zZZy9+NuVDIc="
    },
    "js-tokens": {
      "version": "3.0.2",
      "resolved": "http://localhost:8989/blobs/get/&hc56dnNCZOCTvLHbvm1NQTDuCn+lYudghpPujDwZfRk=.sha256",
      "integrity": "sha256-hc56dnNCZOCTvLHbvm1NQTDuCn+lYudghpPujDwZfRk="
    },
    "jsesc": {
      "version": "1.3.0",
      "resolved": "http://localhost:8989/blobs/get/&EEq8QA4mDG9TwirzbiNJ53L80Jz3FzWlOrXiUy94JaE=.sha256",
      "integrity": "sha256-EEq8QA4mDG9TwirzbiNJ53L80Jz3FzWlOrXiUy94JaE="
    },
    "json5": {
      "version": "0.5.1",
      "resolved": "http://localhost:8989/blobs/get/&XqM4Ae/hOcQwOZZWm89i433MEAzAV1xueyJVQTP75h4=.sha256",
      "integrity": "sha256-XqM4Ae/hOcQwOZZWm89i433MEAzAV1xueyJVQTP75h4="
    },
    "libnested": {
      "version": "1.2.1",
      "resolved": "http://localhost:8989/blobs/get/&EdOQN6jYrjdyPTWaTy9y1xPRt4xWREkao5tEDynwayQ=.sha256",
      "integrity": "sha256-EdOQN6jYrjdyPTWaTy9y1xPRt4xWREkao5tEDynwayQ="
    },
    "lodash": {
      "version": "4.17.4",
      "resolved": "http://localhost:8989/blobs/get/&8Uv6RIIr1F7GrplfjFoAZ8/dxoDnTxBbA8jiipEExZ0=.sha256",
      "integrity": "sha256-8Uv6RIIr1F7GrplfjFoAZ8/dxoDnTxBbA8jiipEExZ0="
    },
    "lodash.get": {
      "version": "4.4.2",
      "resolved": "http://localhost:8989/blobs/get/&303robgVbP/oNgsI8E3hG3jT8x693pC+8KBTpZhIpJs=.sha256",
      "integrity": "sha256-303robgVbP/oNgsI8E3hG3jT8x693pC+8KBTpZhIpJs="
    },
    "lodash.merge": {
      "version": "4.6.0",
      "resolved": "http://localhost:8989/blobs/get/&A+bc5ZYwWpPKndkwVYfwR3dDCfEYmaEHz4y3xgBCtys=.sha256",
      "integrity": "sha256-A+bc5ZYwWpPKndkwVYfwR3dDCfEYmaEHz4y3xgBCtys="
    },
    "loose-envify": {
      "version": "1.3.1",
      "resolved": "http://localhost:8989/blobs/get/&+1JqwZWrM+NMOl/FpPaK6GXeMxAgkZHC9atW2WMc4Ig=.sha256",
      "integrity": "sha256-+1JqwZWrM+NMOl/FpPaK6GXeMxAgkZHC9atW2WMc4Ig=",
      "requires": {
        "js-tokens": "3.0.2"
      }
    },
    "minimatch": {
      "version": "3.0.4",
      "resolved": "http://localhost:8989/blobs/get/&Qmok15u28NO7Ez5izsaQIYNtJUs52THBBN3XxGSt6nE=.sha256",
      "integrity": "sha256-Qmok15u28NO7Ez5izsaQIYNtJUs52THBBN3XxGSt6nE=",
      "requires": {
        "brace-expansion": "1.1.8"
      }
    },
    "minimist": {
      "version": "0.0.8",
      "resolved": "http://localhost:8989/blobs/get/&eVOvogi5Ifr1nB+laTdkyivgPiYe+RyIcX7yDIxHSjM=.sha256",
      "integrity": "sha256-eVOvogi5Ifr1nB+laTdkyivgPiYe+RyIcX7yDIxHSjM="
    },
    "mkdirp": {
      "version": "0.5.1",
      "resolved": "http://localhost:8989/blobs/get/&d7UocOje3Gjh56/Nrbo009pt6+TzquNkU7oVHxY4vyQ=.sha256",
      "integrity": "sha256-d7UocOje3Gjh56/Nrbo009pt6+TzquNkU7oVHxY4vyQ=",
      "requires": {
        "minimist": "0.0.8"
      }
    },
    "ms": {
      "version": "2.0.0",
      "resolved": "http://localhost:8989/blobs/get/&NiFSq4hkGB/DNZo8RA7sWM4+GPdzsN3k2IqE/hPXPss=.sha256",
      "integrity": "sha256-NiFSq4hkGB/DNZo8RA7sWM4+GPdzsN3k2IqE/hPXPss="
    },
    "mutant": {
      "version": "3.22.1",
      "resolved": "http://localhost:8989/blobs/get/&BGF5tgakZ07aZA1MGIt7+8hEMBulu4gcIOyHzufTAkc=.sha256",
      "integrity": "sha256-BGF5tgakZ07aZA1MGIt7+8hEMBulu4gcIOyHzufTAkc=",
      "requires": {
        "browser-split": "0.0.1",
        "xtend": "4.0.1"
      }
    },
    "number-is-nan": {
      "version": "1.0.1",
      "resolved": "http://localhost:8989/blobs/get/&iW7F3SJpoPIZsORt0ktVMs39Fkjx5RVgeIVLkS1hnzw=.sha256",
      "integrity": "sha256-iW7F3SJpoPIZsORt0ktVMs39Fkjx5RVgeIVLkS1hnzw="
    },
    "os-homedir": {
      "version": "1.0.2",
      "resolved": "http://localhost:8989/blobs/get/&DuiFyK/sNStwt7ZferjlSpEvi6TDCa4cEGqktnyyRHU=.sha256",
      "integrity": "sha256-DuiFyK/sNStwt7ZferjlSpEvi6TDCa4cEGqktnyyRHU="
    },
    "os-tmpdir": {
      "version": "1.0.2",
      "resolved": "http://localhost:8989/blobs/get/&E+ciwtd3wISYPi4eEVCklqolaFeRpxJE5hpgXsiSrYk=.sha256",
      "integrity": "sha256-E+ciwtd3wISYPi4eEVCklqolaFeRpxJE5hpgXsiSrYk="
    },
    "path-is-absolute": {
      "version": "1.0.1",
      "resolved": "http://localhost:8989/blobs/get/&bm1wnxpWlCUU5OLCcJswx7H/pG++1w5xSQSj1jsB91w=.sha256",
      "integrity": "sha256-bm1wnxpWlCUU5OLCcJswx7H/pG++1w5xSQSj1jsB91w="
    },
    "private": {
      "version": "0.1.8",
      "resolved": "http://localhost:8989/blobs/get/&IroQ+mm2/18ow2l1lKwZslQNmuFbaGhpz8Uzw8nyPBs=.sha256",
      "integrity": "sha256-IroQ+mm2/18ow2l1lKwZslQNmuFbaGhpz8Uzw8nyPBs="
    },
    "process-nextick-args": {
      "version": "1.0.7",
      "resolved": "http://localhost:8989/blobs/get/&Z0yzuiU+O2uiIdBVjunggUeZ4SH034vsGpH7snC1UK4=.sha256",
      "integrity": "sha256-Z0yzuiU+O2uiIdBVjunggUeZ4SH034vsGpH7snC1UK4="
    },
    "readable-stream": {
      "version": "2.3.3",
      "resolved": "http://localhost:8989/blobs/get/&jHa+qo0s1a6eHgzbswuggi5CrRuDVnqJJkt+ePt6hFE=.sha256",
      "integrity": "sha256-jHa+qo0s1a6eHgzbswuggi5CrRuDVnqJJkt+ePt6hFE=",
      "requires": {
        "core-util-is": "1.0.2",
        "inherits": "2.0.3",
        "isarray": "1.0.0",
        "process-nextick-args": "1.0.7",
        "safe-buffer": "5.1.1",
        "string_decoder": "1.0.3",
        "util-deprecate": "1.0.2"
      }
    },
    "regenerator-runtime": {
      "version": "0.11.0",
      "resolved": "http://localhost:8989/blobs/get/&1T0bH0XYHuUAhOG7T1GZCxLqym632zvBzUhoazd99Yg=.sha256",
      "integrity": "sha256-1T0bH0XYHuUAhOG7T1GZCxLqym632zvBzUhoazd99Yg="
    },
    "repeating": {
      "version": "2.0.1",
      "resolved": "http://localhost:8989/blobs/get/&K2htpd7f1PxqE2hpDfMTIT6AGl2LMgt4YIK/b6yygJc=.sha256",
      "integrity": "sha256-K2htpd7f1PxqE2hpDfMTIT6AGl2LMgt4YIK/b6yygJc=",
      "requires": {
        "is-finite": "1.0.2"
      }
    },
    "safe-buffer": {
      "version": "5.1.1",
      "resolved": "http://localhost:8989/blobs/get/&DBRHICIwyQWmEc+9TG2DT/zR9Zja3LyNW+dIJuXjsXE=.sha256",
      "integrity": "sha256-DBRHICIwyQWmEc+9TG2DT/zR9Zja3LyNW+dIJuXjsXE="
    },
    "slash": {
      "version": "1.0.0",
      "resolved": "http://localhost:8989/blobs/get/&svrkXBlhYdDuEmoPTw7yk9rG9c05OVZPQ03jH7EqzTE=.sha256",
      "integrity": "sha256-svrkXBlhYdDuEmoPTw7yk9rG9c05OVZPQ03jH7EqzTE="
    },
    "source-map": {
      "version": "0.5.7",
      "resolved": "http://localhost:8989/blobs/get/&4d4om8STFU8AoRy042PguzdhlTfUSza4ESu6SSQRa2c=.sha256",
      "integrity": "sha256-4d4om8STFU8AoRy042PguzdhlTfUSza4ESu6SSQRa2c="
    },
    "source-map-support": {
      "version": "0.4.18",
      "resolved": "http://localhost:8989/blobs/get/&gufrcLxQObHhlOmPZe6idAu6NaTto4Tq26fVhnpgreA=.sha256",
      "integrity": "sha256-gufrcLxQObHhlOmPZe6idAu6NaTto4Tq26fVhnpgreA=",
      "requires": {
        "source-map": "0.5.7"
      }
    },
    "string_decoder": {
      "version": "1.0.3",
      "resolved": "http://localhost:8989/blobs/get/&VsFSXhQjBnkWYE+AuJdTUnwe57Q7UTc9V5Z2tLXja6g=.sha256",
      "integrity": "sha256-VsFSXhQjBnkWYE+AuJdTUnwe57Q7UTc9V5Z2tLXja6g=",
      "requires": {
        "safe-buffer": "5.1.1"
      }
    },
    "strip-ansi": {
      "version": "3.0.1",
      "resolved": "http://localhost:8989/blobs/get/&HJ04WkEYlZUU+E3OjXuy2vyALwJy3QA0iqGNF7lbeTo=.sha256",
      "integrity": "sha256-HJ04WkEYlZUU+E3OjXuy2vyALwJy3QA0iqGNF7lbeTo=",
      "requires": {
        "ansi-regex": "2.1.1"
      }
    },
    "supports-color": {
      "version": "2.0.0",
      "resolved": "http://localhost:8989/blobs/get/&cl1LJdRODxbrmGupV8FNnIVA3i9qT8qWG/H2CqFlmtM=.sha256",
      "integrity": "sha256-cl1LJdRODxbrmGupV8FNnIVA3i9qT8qWG/H2CqFlmtM="
    },
    "through2": {
      "version": "2.0.3",
      "resolved": "http://localhost:8989/blobs/get/&7Lhu+8HltM8LsNfWOSMJklfz4rEA+eT1S/GkbKDeaus=.sha256",
      "integrity": "sha256-7Lhu+8HltM8LsNfWOSMJklfz4rEA+eT1S/GkbKDeaus=",
      "requires": {
        "readable-stream": "2.3.3",
        "xtend": "4.0.1"
      }
    },
    "to-fast-properties": {
      "version": "1.0.3",
      "resolved": "http://localhost:8989/blobs/get/&MabbMws2OpcnbOqWBf3VoMchGvcby1SalPS1m/kCjCE=.sha256",
      "integrity": "sha256-MabbMws2OpcnbOqWBf3VoMchGvcby1SalPS1m/kCjCE="
    },
    "trim-right": {
      "version": "1.0.1",
      "resolved": "http://localhost:8989/blobs/get/&ifO4gpGEO/pt06ri8VT+LhkTxN4C2CGyELcnDjy/2YU=.sha256",
      "integrity": "sha256-ifO4gpGEO/pt06ri8VT+LhkTxN4C2CGyELcnDjy/2YU="
    },
    "util-deprecate": {
      "version": "1.0.2",
      "resolved": "http://localhost:8989/blobs/get/&eaHemDwbOTGAxHRW1rc8qrJ4oA6m431cZnXy3N7Co+U=.sha256",
      "integrity": "sha256-eaHemDwbOTGAxHRW1rc8qrJ4oA6m431cZnXy3N7Co+U="
    },
    "xtend": {
      "version": "4.0.1",
      "resolved": "http://localhost:8989/blobs/get/&6M9hBAyV/MG2twfXbVQ2X7ZG6Oesm99uH3lOh5DfqHI=.sha256",
      "integrity": "sha256-6M9hBAyV/MG2twfXbVQ2X7ZG6Oesm99uH3lOh5DfqHI="
    }
  }
}
